
Microsoft Visual Studio Solution File, Format Version 12.00
# Visual Studio Version 17
VisualStudioVersion = 17.7.34202.233
MinimumVisualStudioVersion = 10.0.40219.1
Project("{FAE04EC0-301F-11D3-BF4B-00C04F79EFBC}") = "sign_lao_langude", "sign_lao_langude\sign_lao_langude.csproj", "{B70F1C88-CAEB-4BE9-8494-515846BA36FD}"
EndProject
Global
	GlobalSection(SolutionConfigurationPlatforms) = preSolution
		Debug|Any CPU = Debug|Any CPU
		Release|Any CPU = Release|Any CPU
	EndGlobalSection
	GlobalSection(ProjectConfigurationPlatforms) = postSolution
		{B70F1C88-CAEB-4BE9-8494-515846BA36FD}.Debug|Any CPU.ActiveCfg = Debug|Any CPU
		{B70F1C88-CAEB-4BE9-8494-515846BA36FD}.Debug|Any CPU.Build.0 = Debug|Any CPU
		{B70F1C88-CAEB-4BE9-8494-515846BA36FD}.Release|Any CPU.ActiveCfg = Release|Any CPU
		{B70F1C88-CAEB-4BE9-8494-515846BA36FD}.Release|Any CPU.Build.0 = Release|Any CPU
	EndGlobalSection
	GlobalSection(SolutionProperties) = preSolution
		HideSolutionNode = FALSE
	EndGlobalSection
	GlobalSection(ExtensibilityGlobals) = postSolution
		SolutionGuid = {09F4A47B-98FD-48AD-B81B-2D52787FEBC8}
	EndGlobalSection
EndGlobal
